
Microsoft Visual Studio Solution File, Format Version 12.00
# Visual Studio 14
VisualStudioVersion = 14.0.24720.0
MinimumVisualStudioVersion = 10.0.40219.1
Project("{FAE04EC0-301F-11D3-BF4B-00C04F79EFBC}") = "ProgramInObjOriented", "ProgramInObjOriented\ProgramInObjOriented.csproj", "{74AA13DE-1DDB-47C5-B4AB-A1C007D79451}"
EndProject
Project("{FAE04EC0-301F-11D3-BF4B-00C04F79EFBC}") = "MaBibliotheque", "MaBibliotheque\MaBibliotheque.csproj", "{7B2DB7FF-D9D3-4134-A0A1-D58BE484E38D}"
EndProject
Global
	GlobalSection(SolutionConfigurationPlatforms) = preSolution
		Debug|Any CPU = Debug|Any CPU
		Release|Any CPU = Release|Any CPU
	EndGlobalSection
	GlobalSection(ProjectConfigurationPlatforms) = postSolution
		{74AA13DE-1DDB-47C5-B4AB-A1C007D79451}.Debug|Any CPU.ActiveCfg = Debug|Any CPU
		{74AA13DE-1DDB-47C5-B4AB-A1C007D79451}.Debug|Any CPU.Build.0 = Debug|Any CPU
		{74AA13DE-1DDB-47C5-B4AB-A1C007D79451}.Release|Any CPU.ActiveCfg = Release|Any CPU
		{74AA13DE-1DDB-47C5-B4AB-A1C007D79451}.Release|Any CPU.Build.0 = Release|Any CPU
		{7B2DB7FF-D9D3-4134-A0A1-D58BE484E38D}.Debug|Any CPU.ActiveCfg = Debug|Any CPU
		{7B2DB7FF-D9D3-4134-A0A1-D58BE484E38D}.Debug|Any CPU.Build.0 = Debug|Any CPU
		{7B2DB7FF-D9D3-4134-A0A1-D58BE484E38D}.Release|Any CPU.ActiveCfg = Release|Any CPU
		{7B2DB7FF-D9D3-4134-A0A1-D58BE484E38D}.Release|Any CPU.Build.0 = Release|Any CPU
	EndGlobalSection
	GlobalSection(SolutionProperties) = preSolution
		HideSolutionNode = FALSE
	EndGlobalSection
EndGlobal
